
Microsoft Visual Studio Solution File, Format Version 12.00
# Visual Studio 15
Project("{FAE04EC0-301F-11D3-BF4B-00C04F79EFBC}") = "IncendianFalls", "IncendianFalls.csproj", "{EC102AE4-E9EB-4D31-9E26-3C58B41E432D}"
EndProject
Global
	GlobalSection(SolutionConfigurationPlatforms) = preSolution
		Debug|Any CPU = Debug|Any CPU
		Release|Any CPU = Release|Any CPU
	EndGlobalSection
	GlobalSection(ProjectConfigurationPlatforms) = postSolution
		{EC102AE4-E9EB-4D31-9E26-3C58B41E432D}.Debug|Any CPU.ActiveCfg = Debug|Any CPU
		{EC102AE4-E9EB-4D31-9E26-3C58B41E432D}.Debug|Any CPU.Build.0 = Debug|Any CPU
		{EC102AE4-E9EB-4D31-9E26-3C58B41E432D}.Release|Any CPU.ActiveCfg = Release|Any CPU
		{EC102AE4-E9EB-4D31-9E26-3C58B41E432D}.Release|Any CPU.Build.0 = Release|Any CPU
	EndGlobalSection
EndGlobal
