Microsoft Visual Studio Solution File, Format Version 12.00
# Visual Studio Version 16
VisualStudioVersion = 16.0.29411.108
MinimumVisualStudioVersion = 10.0.40219.1
Project("{FAE04EC0-301F-11D3-BF4B-00C04F79EFBC}") = "Geomancy", "Geomancy\Geomancy.csproj", "{C0B10971-C47E-419A-B0B8-D553D05D53BE}"
EndProject
Project("{FAE04EC0-301F-11D3-BF4B-00C04F79EFBC}") = "Atharia", "Atharia\Atharia.csproj", "{9AD2F7BB-00CE-4893-9338-89C143C0E035}"
EndProject
Project("{FAE04EC0-301F-11D3-BF4B-00C04F79EFBC}") = "ConsoleDriver", "ConsoleDriver\ConsoleDriver.csproj", "{99E9C26F-0F1E-4B36-8177-1AE13A51305A}"
EndProject
Global
	GlobalSection(SolutionConfigurationPlatforms) = preSolution
		Debug|Any CPU = Debug|Any CPU
		Release|Any CPU = Release|Any CPU
	EndGlobalSection
	GlobalSection(ProjectConfigurationPlatforms) = postSolution
		{C0B10971-C47E-419A-B0B8-D553D05D53BE}.Debug|Any CPU.ActiveCfg = Debug|Any CPU
		{C0B10971-C47E-419A-B0B8-D553D05D53BE}.Debug|Any CPU.Build.0 = Debug|Any CPU
		{C0B10971-C47E-419A-B0B8-D553D05D53BE}.Release|Any CPU.ActiveCfg = Release|Any CPU
		{C0B10971-C47E-419A-B0B8-D553D05D53BE}.Release|Any CPU.Build.0 = Release|Any CPU
		{9AD2F7BB-00CE-4893-9338-89C143C0E035}.Debug|Any CPU.ActiveCfg = Debug|Any CPU
		{9AD2F7BB-00CE-4893-9338-89C143C0E035}.Debug|Any CPU.Build.0 = Debug|Any CPU
		{9AD2F7BB-00CE-4893-9338-89C143C0E035}.Release|Any CPU.ActiveCfg = Release|Any CPU
		{9AD2F7BB-00CE-4893-9338-89C143C0E035}.Release|Any CPU.Build.0 = Release|Any CPU
		{99E9C26F-0F1E-4B36-8177-1AE13A51305A}.Debug|Any CPU.ActiveCfg = Debug|Any CPU
		{99E9C26F-0F1E-4B36-8177-1AE13A51305A}.Debug|Any CPU.Build.0 = Debug|Any CPU
		{99E9C26F-0F1E-4B36-8177-1AE13A51305A}.Release|Any CPU.ActiveCfg = Release|Any CPU
		{99E9C26F-0F1E-4B36-8177-1AE13A51305A}.Release|Any CPU.Build.0 = Release|Any CPU
	EndGlobalSection
	GlobalSection(SolutionProperties) = preSolution
		HideSolutionNode = FALSE
	EndGlobalSection
	GlobalSection(ExtensibilityGlobals) = postSolution
		SolutionGuid = {8B7E277A-D404-4FA0-9BCC-0940E7CAE039}
	EndGlobalSection
EndGlobal
