Microsoft Visual Studio Solution File, Format Version 12.00
# Visual Studio Version 16
VisualStudioVersion = 16.0.29411.108
MinimumVisualStudioVersion = 10.0.40219.1
Project("{9A19103F-16F7-4668-BE54-9A1E7A4F7556}") = "ConsoleDriveyThing", "ConsoleDriveyThing\ConsoleDriveyThing.csproj", "{39CE20EE-F751-4681-9E74-E8C277F49A80}"
EndProject
Project("{9A19103F-16F7-4668-BE54-9A1E7A4F7556}") = "IncendianFalls", "IncendianFalls\IncendianFalls.csproj", "{BB12DBF1-168F-408E-A320-74EA25EF6418}"
EndProject
Project("{9A19103F-16F7-4668-BE54-9A1E7A4F7556}") = "Geomancer", "Geomancer\Geomancer.csproj", "{A756BA25-6DD2-48D6-841C-B378FF9C2699}"
EndProject
Global
	GlobalSection(SolutionConfigurationPlatforms) = preSolution
		Debug|Any CPU = Debug|Any CPU
		Release|Any CPU = Release|Any CPU
	EndGlobalSection
	GlobalSection(ProjectConfigurationPlatforms) = postSolution
		{39CE20EE-F751-4681-9E74-E8C277F49A80}.Debug|Any CPU.ActiveCfg = Debug|Any CPU
		{39CE20EE-F751-4681-9E74-E8C277F49A80}.Debug|Any CPU.Build.0 = Debug|Any CPU
		{39CE20EE-F751-4681-9E74-E8C277F49A80}.Release|Any CPU.ActiveCfg = Release|Any CPU
		{39CE20EE-F751-4681-9E74-E8C277F49A80}.Release|Any CPU.Build.0 = Release|Any CPU
		{BB12DBF1-168F-408E-A320-74EA25EF6418}.Debug|Any CPU.ActiveCfg = Debug|Any CPU
		{BB12DBF1-168F-408E-A320-74EA25EF6418}.Debug|Any CPU.Build.0 = Debug|Any CPU
		{BB12DBF1-168F-408E-A320-74EA25EF6418}.Release|Any CPU.ActiveCfg = Release|Any CPU
		{BB12DBF1-168F-408E-A320-74EA25EF6418}.Release|Any CPU.Build.0 = Release|Any CPU
		{A756BA25-6DD2-48D6-841C-B378FF9C2699}.Debug|Any CPU.ActiveCfg = Debug|Any CPU
		{A756BA25-6DD2-48D6-841C-B378FF9C2699}.Debug|Any CPU.Build.0 = Debug|Any CPU
		{A756BA25-6DD2-48D6-841C-B378FF9C2699}.Release|Any CPU.ActiveCfg = Release|Any CPU
		{A756BA25-6DD2-48D6-841C-B378FF9C2699}.Release|Any CPU.Build.0 = Release|Any CPU
	EndGlobalSection
	GlobalSection(SolutionProperties) = preSolution
		HideSolutionNode = FALSE
	EndGlobalSection
	GlobalSection(ExtensibilityGlobals) = postSolution
		SolutionGuid = {8B7E277A-D404-4FA0-9BCC-0940E7CAE039}
	EndGlobalSection
EndGlobal
